{
  "name": "frontend",
  "lockfileVersion": 3,
  "requires": true,
  "packages": {
    "": {
      "dependencies": {
        "facial_img_warping_backend": "file:.."
      }
    },
    "..": {
      "name": "facial_img_warping_backend",
      "version": "1.0.0",
      "dependencies": {
        "bcrypt": "^5.0.0",
        "cors": "^2.8.6",
        "dotenv": "^17.4.2",
        "express": "^5.2.1",
        "facial_img_warping_workspace": "file:..",
        "jsonwebtoken": "^8.5.1",
        "pg": "^8.13.3"
      }
    },
    "node_modules/facial_img_warping_backend": {
      "resolved": "..",
      "link": true
    }
  }
}
